// !$*UTF8*$!
{
	archiveVersion = 1;
	classes = {
	};
	objectVersion = 50;
	objects = {

/* Begin PBXBuildFile section */
		3882899C25971CC1007426FD /* AppDelegate.swift in Sources */ = {isa = PBXBuildFile; fileRef = 3882899B25971CC1007426FD /* AppDelegate.swift */; };
		3882899E25971CC1007426FD /* SceneDelegate.swift in Sources */ = {isa = PBXBuildFile; fileRef = 3882899D25971CC1007426FD /* SceneDelegate.swift */; };
		388289A025971CC1007426FD /* ViewController.swift in Sources */ = {isa = PBXBuildFile; fileRef = 3882899F25971CC1007426FD /* ViewController.swift */; };
		388289A325971CC1007426FD /* Main.storyboard in Resources */ = {isa = PBXBuildFile; fileRef = 388289A125971CC1007426FD /* Main.storyboard */; };
		388289A525971CC6007426FD /* Assets.xcassets in Resources */ = {isa = PBXBuildFile; fileRef = 388289A425971CC6007426FD /* Assets.xcassets */; };
		388289A825971CC6007426FD /* LaunchScreen.storyboard in Resources */ = {isa = PBXBuildFile; fileRef = 388289A625971CC6007426FD /* LaunchScreen.storyboard */; };
		388289B025971DEA007426FD /* chapter1 in Resources */ = {isa = PBXBuildFile; fileRef = 388289AF25971DEA007426FD /* chapter1 */; };
		388289B225972289007426FD /* Chapter 2 in Resources */ = {isa = PBXBuildFile; fileRef = 388289B125972289007426FD /* Chapter 2 */; };
/* End PBXBuildFile section */

/* Begin PBXFileReference section */
		3882899825971CC1007426FD /* pushkin.app */ = {isa = PBXFileReference; explicitFileType = wrapper.application; includeInIndex = 0; path = pushkin.app; sourceTree = BUILT_PRODUCTS_DIR; };
		3882899B25971CC1007426FD /* AppDelegate.swift */ = {isa = PBXFileReference; lastKnownFileType = sourcecode.swift; path = AppDelegate.swift; sourceTree = "<group>"; };
		3882899D25971CC1007426FD /* SceneDelegate.swift */ = {isa = PBXFileReference; lastKnownFileType = sourcecode.swift; path = SceneDelegate.swift; sourceTree = "<group>"; };
		3882899F25971CC1007426FD /* ViewController.swift */ = {isa = PBXFileReference; lastKnownFileType = sourcecode.swift; path = ViewController.swift; sourceTree = "<group>"; };
		388289A225971CC1007426FD /* Base */ = {isa = PBXFileReference; lastKnownFileType = file.storyboard; name = Base; path = Base.lproj/Main.storyboard; sourceTree = "<group>"; };
		388289A425971CC6007426FD /* Assets.xcassets */ = {isa = PBXFileReference; lastKnownFileType = folder.assetcatalog; path = Assets.xcassets; sourceTree = "<group>"; };
		388289A725971CC6007426FD /* Base */ = {isa = PBXFileReference; lastKnownFileType = file.storyboard; name = Base; path = Base.lproj/LaunchScreen.storyboard; sourceTree = "<group>"; };
		388289A925971CC6007426FD /* Info.plist */ = {isa = PBXFileReference; lastKnownFileType = text.plist.xml; path = Info.plist; sourceTree = "<group>"; };
		388289AF25971DEA007426FD /* chapter1 */ = {isa = PBXFileReference; lastKnownFileType = text; path = chapter1; sourceTree = "<group>"; };
		388289B125972289007426FD /* Chapter 2 */ = {isa = PBXFileReference; lastKnownFileType = text; path = "Chapter 2"; sourceTree = "<group>"; };
/* End PBXFileReference section */

/* Begin PBXFrameworksBuildPhase section */
		3882899525971CC1007426FD /* Frameworks */ = {
			isa = PBXFrameworksBuildPhase;
			buildActionMask = 2147483647;
			files = (
			);
			runOnlyForDeploymentPostprocessing = 0;
		};
/* End PBXFrameworksBuildPhase section */

/* Begin PBXGroup section */
		3882898F25971CC1007426FD = {
			isa = PBXGroup;
			children = (
				388289B125972289007426FD /* Chapter 2 */,
				3882899A25971CC1007426FD /* pushkin */,
				3882899925971CC1007426FD /* Products */,
			);
			sourceTree = "<group>";
		};
		3882899925971CC1007426FD /* Products */ = {
			isa = PBXGroup;
			children = (
				3882899825971CC1007426FD /* pushkin.app */,
			);
			name = Products;
			sourceTree = "<group>";
		};
		3882899A25971CC1007426FD /* pushkin */ = {
			isa = PBXGroup;
			children = (
				3882899B25971CC1007426FD /* AppDelegate.swift */,
				3882899D25971CC1007426FD /* SceneDelegate.swift */,
				3882899F25971CC1007426FD /* ViewController.swift */,
				388289AF25971DEA007426FD /* chapter1 */,
				388289A125971CC1007426FD /* Main.storyboard */,
				388289A425971CC6007426FD /* Assets.xcassets */,
				388289A625971CC6007426FD /* LaunchScreen.storyboard */,
				388289A925971CC6007426FD /* Info.plist */,
			);
			path = pushkin;
			sourceTree = "<group>";
		};
/* End PBXGroup section */

/* Begin PBXNativeTarget section */
		3882899725971CC1007426FD /* pushkin */ = {
			isa = PBXNativeTarget;
			buildConfigurationList = 388289AC25971CC6007426FD /* Build configuration list for PBXNativeTarget "pushkin" */;
			buildPhases = (
				3882899425971CC1007426FD /* Sources */,
				3882899525971CC1007426FD /* Frameworks */,
				3882899625971CC1007426FD /* Resources */,
			);
			buildRules = (
			);
			dependencies = (
			);
			name = pushkin;
			productName = pushkin;
			productReference = 3882899825971CC1007426FD /* pushkin.app */;
			productType = "com.apple.product-type.application";
		};
/* End PBXNativeTarget section */

/* Begin PBXProject section */
		3882899025971CC1007426FD /* Project object */ = {
			isa = PBXProject;
			attributes = {
				LastSwiftUpdateCheck = 1140;
				LastUpgradeCheck = 1140;
				ORGANIZATIONNAME = RAISA;
				TargetAttributes = {
					3882899725971CC1007426FD = {
						CreatedOnToolsVersion = 11.4.1;
					};
				};
			};
			buildConfigurationList = 3882899325971CC1007426FD /* Build configuration list for PBXProject "pushkin" */;
			compatibilityVersion = "Xcode 9.3";
			developmentRegion = en;
			hasScannedForEncodings = 0;
			knownRegions = (
				en,
				Base,
			);
			mainGroup = 3882898F25971CC1007426FD;
			productRefGroup = 3882899925971CC1007426FD /* Products */;
			projectDirPath = "";
			projectRoot = "";
			targets = (
				3882899725971CC1007426FD /* pushkin */,
			);
		};
/* End PBXProject section */

/* Begin PBXResourcesBuildPhase section */
		3882899625971CC1007426FD /* Resources */ = {
			isa = PBXResourcesBuildPhase;
			buildActionMask = 2147483647;
			files = (
				388289B025971DEA007426FD /* chapter1 in Resources */,
				388289A825971CC6007426FD /* LaunchScreen.storyboard in Resources */,
				388289B225972289007426FD /* Chapter 2 in Resources */,
				388289A525971CC6007426FD /* Assets.xcassets in Resources */,
				388289A325971CC1007426FD /* Main.storyboard in Resources */,
			);
			runOnlyForDeploymentPostprocessing = 0;
		};
/* End PBXResourcesBuildPhase section */

/* Begin PBXSourcesBuildPhase section */
		3882899425971CC1007426FD /* Sources */ = {
			isa = PBXSourcesBuildPhase;
			buildActionMask = 2147483647;
			files = (
				388289A025971CC1007426FD /* ViewController.swift in Sources */,
				3882899C25971CC1007426FD /* AppDelegate.swift in Sources */,
				3882899E25971CC1007426FD /* SceneDelegate.swift in Sources */,
			);
			runOnlyForDeploymentPostprocessing = 0;
		};
/* End PBXSourcesBuildPhase section */

/* Begin PBXVariantGroup section */
		388289A125971CC1007426FD /* Main.storyboard */ = {
			isa = PBXVariantGroup;
			children = (
				388289A225971CC1007426FD /* Base */,
			);
			name = Main.storyboard;
			sourceTree = "<group>";
		};
		388289A625971CC6007426FD /* LaunchScreen.storyboard */ = {
			isa = PBXVariantGroup;
			children = (
				388289A725971CC6007426FD /* Base */,
			);
			name = LaunchScreen.storyboard;
			sourceTree = "<group>";
		};
/* End PBXVariantGroup section */

/* Begin XCBuildConfiguration section */
		388289AA25971CC6007426FD /* Debug */ = {
			isa = XCBuildConfiguration;
			buildSettings = {
				ALWAYS_SEARCH_USER_PATHS = NO;
				CLANG_ANALYZER_NONNULL = YES;
				CLANG_ANALYZER_NUMBER_OBJECT_CONVERSION = YES_AGGRESSIVE;
				CLANG_CXX_LANGUAGE_STANDARD = "gnu++14";
				CLANG_CXX_LIBRARY = "libc++";
				CLANG_ENABLE_MODULES = YES;
				CLANG_ENABLE_OBJC_ARC = YES;
				CLANG_ENABLE_OBJC_WEAK = YES;
				CLANG_WARN_BLOCK_CAPTURE_AUTORELEASING = YES;
				CLANG_WARN_BOOL_CONVERSION = YES;
				CLANG_WARN_COMMA = YES;
				CLANG_WARN_CONSTANT_CONVERSION = YES;
				CLANG_WARN_DEPRECATED_OBJC_IMPLEMENTATIONS = YES;
				CLANG_WARN_DIRECT_OBJC_ISA_USAGE = YES_ERROR;
				CLANG_WARN_DOCUMENTATION_COMMENTS = YES;
				CLANG_WARN_EMPTY_BODY = YES;
				CLANG_WARN_ENUM_CONVERSION = YES;
				CLANG_WARN_INFINITE_RECURSION = YES;
				CLANG_WARN_INT_CONVERSION = YES;
				CLANG_WARN_NON_LITERAL_NULL_CONVERSION = YES;
				CLANG_WARN_OBJC_IMPLICIT_RETAIN_SELF = YES;
				CLANG_WARN_OBJC_LITERAL_CONVERSION = YES;
				CLANG_WARN_OBJC_ROOT_CLASS = YES_ERROR;
				CLANG_WARN_RANGE_LOOP_ANALYSIS = YES;
				CLANG_WARN_STRICT_PROTOTYPES = YES;
				CLANG_WARN_SUSPICIOUS_MOVE = YES;
				CLANG_WARN_UNGUARDED_AVAILABILITY = YES_AGGRESSIVE;
				CLANG_WARN_UNREACHABLE_CODE = YES;
				CLANG_WARN__DUPLICATE_METHOD_MATCH = YES;
				COPY_PHASE_STRIP = NO;
				DEBUG_INFORMATION_FORMAT = dwarf;
				ENABLE_STRICT_OBJC_MSGSEND = YES;
				ENABLE_TESTABILITY = YES;
				GCC_C_LANGUAGE_STANDARD = gnu11;
				GCC_DYNAMIC_NO_PIC = NO;
				GCC_NO_COMMON_BLOCKS = YES;
				GCC_OPTIMIZATION_LEVEL = 0;
				GCC_PREPROCESSOR_DEFINITIONS = (
					"DEBUG=1",
					"$(inherited)",
				);
				GCC_WARN_64_TO_32_BIT_CONVERSION = YES;
				GCC_WARN_ABOUT_RETURN_TYPE = YES_ERROR;
				GCC_WARN_UNDECLARED_SELECTOR = YES;
				GCC_WARN_UNINITIALIZED_AUTOS = YES_AGGRESSIVE;
				GCC_WARN_UNUSED_FUNCTION = YES;
				GCC_WARN_UNUSED_VARIABLE = YES;
				IPHONEOS_DEPLOYMENT_TARGET = 13.4;
				MTL_ENABLE_DEBUG_INFO = INCLUDE_SOURCE;
				MTL_FAST_MATH = YES;
				ONLY_ACTIVE_ARCH = YES;
				SDKROOT = iphoneos;
				SWIFT_ACTIVE_COMPILATION_CONDITIONS = DEBUG;
				SWIFT_OPTIMIZATION_LEVEL = "-Onone";
			};
			name = Debug;
		};
		388289AB25971CC6007426FD /* Release */ = {
			isa = XCBuildConfiguration;
			buildSettings = {
				ALWAYS_SEARCH_USER_PATHS = NO;
				CLANG_ANALYZER_NONNULL = YES;
				CLANG_ANALYZER_NUMBER_OBJECT_CONVERSION = YES_AGGRESSIVE;
				CLANG_CXX_LANGUAGE_STANDARD = "gnu++14";
				CLANG_CXX_LIBRARY = "libc++";
				CLANG_ENABLE_MODULES = YES;
				CLANG_ENABLE_OBJC_ARC = YES;
				CLANG_ENABLE_OBJC_WEAK = YES;
				CLANG_WARN_BLOCK_CAPTURE_AUTORELEASING = YES;
				CLANG_WARN_BOOL_CONVERSION = YES;
				CLANG_WARN_COMMA = YES;
				CLANG_WARN_CONSTANT_CONVERSION = YES;
				CLANG_WARN_DEPRECATED_OBJC_IMPLEMENTATIONS = YES;
				CLANG_WARN_DIRECT_OBJC_ISA_USAGE = YES_ERROR;
				CLANG_WARN_DOCUMENTATION_COMMENTS = YES;
				CLANG_WARN_EMPTY_BODY = YES;
				CLANG_WARN_ENUM_CONVERSION = YES;
				CLANG_WARN_INFINITE_RECURSION = YES;
				CLANG_WARN_INT_CONVERSION = YES;
				CLANG_WARN_NON_LITERAL_NULL_CONVERSION = YES;
				CLANG_WARN_OBJC_IMPLICIT_RETAIN_SELF = YES;
				CLANG_WARN_OBJC_LITERAL_CONVERSION = YES;
				CLANG_WARN_OBJC_ROOT_CLASS = YES_ERROR;
				CLANG_WARN_RANGE_LOOP_ANALYSIS = YES;
				CLANG_WARN_STRICT_PROTOTYPES = YES;
				CLANG_WARN_SUSPICIOUS_MOVE = YES;
				CLANG_WARN_UNGUARDED_AVAILABILITY = YES_AGGRESSIVE;
				CLANG_WARN_UNREACHABLE_CODE = YES;
				CLANG_WARN__DUPLICATE_METHOD_MATCH = YES;
				COPY_PHASE_STRIP = NO;
				DEBUG_INFORMATION_FORMAT = "dwarf-with-dsym";
				ENABLE_NS_ASSERTIONS = NO;
				ENABLE_STRICT_OBJC_MSGSEND = YES;
				GCC_C_LANGUAGE_STANDARD = gnu11;
				GCC_NO_COMMON_BLOCKS = YES;
				GCC_WARN_64_TO_32_BIT_CONVERSION = YES;
				GCC_WARN_ABOUT_RETURN_TYPE = YES_ERROR;
				GCC_WARN_UNDECLARED_SELECTOR = YES;
				GCC_WARN_UNINITIALIZED_AUTOS = YES_AGGRESSIVE;
				GCC_WARN_UNUSED_FUNCTION = YES;
				GCC_WARN_UNUSED_VARIABLE = YES;
				IPHONEOS_DEPLOYMENT_TARGET = 13.4;
				MTL_ENABLE_DEBUG_INFO = NO;
				MTL_FAST_MATH = YES;
				SDKROOT = iphoneos;
				SWIFT_COMPILATION_MODE = wholemodule;
				SWIFT_OPTIMIZATION_LEVEL = "-O";
				VALIDATE_PRODUCT = YES;
			};
			name = Release;
		};
		388289AD25971CC6007426FD /* Debug */ = {
			isa = XCBuildConfiguration;
			buildSettings = {
				ASSETCATALOG_COMPILER_APPICON_NAME = AppIcon;
				CODE_SIGN_STYLE = Automatic;
				INFOPLIST_FILE = pushkin/Info.plist;
				LD_RUNPATH_SEARCH_PATHS = (
					"$(inherited)",
					"@executable_path/Frameworks",
				);
				PRODUCT_BUNDLE_IDENTIFIER = com.123.pushkin;
				PRODUCT_NAME = "$(TARGET_NAME)";
				SWIFT_VERSION = 5.0;
				TARGETED_DEVICE_FAMILY = "1,2";
			};
			name = Debug;
		};
		388289AE25971CC6007426FD /* Release */ = {
			isa = XCBuildConfiguration;
			buildSettings = {
				ASSETCATALOG_COMPILER_APPICON_NAME = AppIcon;
				CODE_SIGN_STYLE = Automatic;
				INFOPLIST_FILE = pushkin/Info.plist;
				LD_RUNPATH_SEARCH_PATHS = (
					"$(inherited)",
					"@executable_path/Frameworks",
				);
				PRODUCT_BUNDLE_IDENTIFIER = com.123.pushkin;
				PRODUCT_NAME = "$(TARGET_NAME)";
				SWIFT_VERSION = 5.0;
				TARGETED_DEVICE_FAMILY = "1,2";
			};
			name = Release;
		};
/* End XCBuildConfiguration section */

/* Begin XCConfigurationList section */
		3882899325971CC1007426FD /* Build configuration list for PBXProject "pushkin" */ = {
			isa = XCConfigurationList;
			buildConfigurations = (
				388289AA25971CC6007426FD /* Debug */,
				388289AB25971CC6007426FD /* Release */,
			);
			defaultConfigurationIsVisible = 0;
			defaultConfigurationName = Release;
		};
		388289AC25971CC6007426FD /* Build configuration list for PBXNativeTarget "pushkin" */ = {
			isa = XCConfigurationList;
			buildConfigurations = (
				388289AD25971CC6007426FD /* Debug */,
				388289AE25971CC6007426FD /* Release */,
			);
			defaultConfigurationIsVisible = 0;
			defaultConfigurationName = Release;
		};
/* End XCConfigurationList section */
	};
	rootObject = 3882899025971CC1007426FD /* Project object */;
}
